// !$*UTF8*$!
{
	classes = {
	};
	objectVersion = 54;
	archiveVersion = 1;
	objects = {
		33CC10EA2044A3C60003C045 = {
			isa = PBXFrameworksBuildPhase;
			buildActionMask = 2147483647;
			files = (
				78A318202AECB46A00862997,
			);
			runOnlyForDeploymentPostprocessing = 0;
		};
		33CC10EB2044A3C60003C045 = {
			isa = PBXResourcesBuildPhase;
			buildActionMask = 2147483647;
			files = (
				33CC10F32044A3C60003C045,
				33CC10F62044A3C60003C045,
				F10A7E000000000000000024,
				F10A7E000000000000000101,
				F10A7E000000000000000103,
			);
			runOnlyForDeploymentPostprocessing = 0;
		};
		33BA886A226E78AF003329D5 = {
			path = Configs;
			isa = PBXGroup;
			children = (
				33E5194F232828860026EE4D,
				9740EEB21CF90195004384FC,
				7AFA3C8E1D35360C0083082E,
				333000ED22D3DE5D00554162,
			);
			sourceTree = "<group>";
		};
		78A318202AECB46A00862997 = {
			isa = PBXBuildFile;
			productRef = 78A3181F2AECB46A00862997;
		};
		F10A7E000000000000000001 = {
			isa = PBXContainerItemProxy;
			containerPortal = 33CC10E52044A3C60003C045;
			remoteGlobalIDString = C0DE10000000000000000029;
			remoteInfo = ProxyHelper;
			proxyType = 1;
		};
		F10A7E000000000000000003 = {
			path = Native/ViewModels/ConnectionViewModel.swift;
			isa = PBXFileReference;
			lastKnownFileType = sourcecode.swift;
			sourceTree = SOURCE_ROOT;
		};
		F10A7E000000000000000005 = {
			path = Native/Models/ServerProfile.swift;
			isa = PBXFileReference;
			lastKnownFileType = sourcecode.swift;
			sourceTree = SOURCE_ROOT;
		};
		F10A7E000000000000000011 = {
			path = Native/Services/SystemProxyManager.swift;
			isa = PBXFileReference;
			lastKnownFileType = sourcecode.swift;
			sourceTree = SOURCE_ROOT;
		};
		F10A7E000000000000000009 = {
			path = Native/Services/ProxyHelperClient.swift;
			isa = PBXFileReference;
			lastKnownFileType = sourcecode.swift;
			sourceTree = SOURCE_ROOT;
		};
		F10A7E000000000000000007 = {
			path = Native/Views/TrayPanelView.swift;
			isa = PBXFileReference;
			lastKnownFileType = sourcecode.swift;
			sourceTree = SOURCE_ROOT;
		};
		33CC10E92044A3C60003C045 = {
			isa = PBXSourcesBuildPhase;
			buildActionMask = 2147483647;
			files = (
				33CC11132044BFA00003C045,
				33CC10F12044A3C60003C045,
				335BBD1B22A9A15E00E9071D,
				F10A7E000000000000000004,
				F10A7E000000000000000006,
				F10A7E000000000000000008,
				F10A7E00000000000000000A,
				F10A7E00000000000000000C,
				F10A7E00000000000000000E,
				F10A7E000000000000000010,
				F10A7E000000000000000012,
				F10A7E000000000000000014,
				F10A7E000000000000000016,
				F10A7E000000000000000018,
				F10A7E00000000000000001A,
				F10A7E00000000000000001C,
				F10A7E00000000000000001E,
				F10A7E000000000000000020,
				F10A7E000000000000000022,
			);
			runOnlyForDeploymentPostprocessing = 0;
		};
		F10A7E000000000000000015 = {
			path = Native/Services/KeychainStore.swift;
			isa = PBXFileReference;
			lastKnownFileType = sourcecode.swift;
			sourceTree = SOURCE_ROOT;
		};
		C0DE00020000000000000001 = {
			path = Tools/sslocal;
			isa = PBXFileReference;
			lastKnownFileType = "compiled.mach-o.executable";
			sourceTree = SOURCE_ROOT;
		};
		C0DE00030000000000000001 = {
			isa = PBXCopyFilesBuildPhase;
			dstPath = "";
			dstSubfolder = Executables;
			files = (
				C0DE00010000000000000001,
			);
			name = "Embed Proxy Core";
		};
		F10A7E00000000000000000E = {
			isa = PBXBuildFile;
			fileRef = F10A7E00000000000000000D;
		};
		C0DE10000000000000000005 = {
			path = ProxyHelper/ProxyHelperBackend.swift;
			isa = PBXFileReference;
			lastKnownFileType = sourcecode.swift;
			sourceTree = SOURCE_ROOT;
		};
		F10A7E00000000000000000C = {
			isa = PBXBuildFile;
			fileRef = F10A7E00000000000000000B;
		};
		C0DE10000000000000000003 = {
			path = ProxyHelper/RootSnapshotStore.swift;
			isa = PBXFileReference;
			lastKnownFileType = sourcecode.swift;
			sourceTree = SOURCE_ROOT;
		};
		331C80DA294CF71000263BE5 = {
			isa = PBXTargetDependency;
			target = 33CC10EC2044A3C60003C045;
			targetProxy = 331C80D9294CF71000263BE5;
		};
		331C80DB294CF71000263BE5 = {
			isa = XCBuildConfiguration;
			buildSettings = {
				GENERATE_INFOPLIST_FILE = YES;
				MARKETING_VERSION = 1.0;
				TEST_HOST = "$(BUILT_PRODUCTS_DIR)/shadowbat.app/$(BUNDLE_EXECUTABLE_FOLDER_PATH)/shadowbat";
				PRODUCT_BUNDLE_IDENTIFIER = com.example.shadowbat.RunnerTests;
				SWIFT_VERSION = 5.0;
				MACOSX_DEPLOYMENT_TARGET = 14.0;
				BUNDLE_LOADER = "$(TEST_HOST)";
				CURRENT_PROJECT_VERSION = 1;
				PRODUCT_NAME = "$(TARGET_NAME)";
			};
			name = Debug;
		};
		C0DE10000000000000000015 = {
			isa = PBXBuildFile;
			fileRef = C0DE10000000000000000002;
		};
		C0DE10000000000000000019 = {
			isa = PBXBuildFile;
			fileRef = C0DE10000000000000000006;
		};
		F10A7E00000000000000000A = {
			isa = PBXBuildFile;
			fileRef = F10A7E000000000000000009;
		};
		C0DE10000000000000000033 = {
			isa = PBXCopyFilesBuildPhase;
			dstPath = Contents/Library/LaunchDaemons;
			dstSubfolder = Wrapper;
			files = (
				C0DE10000000000000000032,
			);
			name = "Embed Helper LaunchDaemon";
		};
		C0DE10000000000000000029 = {
			productType = "com.apple.product-type.tool";
			productReference = C0DE10000000000000000028;
			buildConfigurationList = C0DE1000000000000000002C;
			productName = "shadowbat-proxy-helper";
			isa = PBXNativeTarget;
			buildPhases = (
				C0DE1000000000000000002A,
				C0DE1000000000000000002B,
			);
			name = ProxyHelper;
			buildRules = (
			);
		};
		C0DE10000000000000000031 = {
			path = "HelperSupport/com.lingj.shadowbat.proxy-helper.plist";
			isa = PBXFileReference;
			lastKnownFileType = text.plist.xml;
			sourceTree = SOURCE_ROOT;
		};
		33CC10F72044A3C60003C045 = {
			path = Runner/Info.plist;
			isa = PBXFileReference;
			name = Info.plist;
			lastKnownFileType = text.plist.xml;
			sourceTree = "<group>";
		};
		C0DE1000000000000000002A = {
			isa = PBXSourcesBuildPhase;
			files = (
				C0DE10000000000000000014,
				C0DE10000000000000000015,
				C0DE10000000000000000016,
				C0DE10000000000000000017,
				C0DE10000000000000000018,
				C0DE10000000000000000019,
			);
		};
		33FAB671232836740065AC1E = {
			path = Runner;
			isa = PBXGroup;
			children = (
				33CC10F02044A3C60003C045,
				33CC11122044BFA00003C045,
				33E51913231747F40026EE4D,
				33E51914231749380026EE4D,
				33CC11242044D66E0003C045,
				33BA886A226E78AF003329D5,
			);
			sourceTree = "<group>";
		};
		C0DE1000000000000000002E = {
			isa = XCBuildConfiguration;
			buildSettings = {
				MARKETING_VERSION = 0.1.0;
				CODE_SIGN_INJECT_BASE_ENTITLEMENTS = NO;
				DEVELOPMENT_TEAM = U33AJLM6CM;
				ENABLE_DEBUG_DYLIB = NO;
				SWIFT_DEFAULT_ACTOR_ISOLATION = nonisolated;
				SUPPORTED_PLATFORMS = macosx;
				PRODUCT_BUNDLE_IDENTIFIER = "com.lingj.shadowbat.proxy-helper";
				CURRENT_PROJECT_VERSION = 1;
				CREATE_INFOPLIST_SECTION_IN_BINARY = YES;
				MACOSX_DEPLOYMENT_TARGET = 14.0;
				CODE_SIGN_STYLE = Automatic;
				SDKROOT = macosx;
				SWIFT_VERSION = 5.0;
				PRODUCT_NAME = "shadowbat-proxy-helper";
				CODE_SIGN_IDENTITY = "Apple Development";
				SKIP_INSTALL = YES;
				ARCHS = arm64;
				ENABLE_APP_SANDBOX = NO;
				ENABLE_HARDENED_RUNTIME = YES;
				INFOPLIST_FILE = "HelperSupport/ProxyHelper-Info.plist";
			};
			name = Release;
		};
		3399D490228B24CF009A79C7 = {
			alwaysOutOfDate = 1;
			inputPaths = (
			);
			buildActionMask = 2147483647;
			shellPath = /bin/sh;
			isa = PBXShellScriptBuildPhase;
			runOnlyForDeploymentPostprocessing = 0;
			outputPaths = (
			);
			shellScript = "echo \"$PRODUCT_NAME.app\" > \"$PROJECT_DIR\"/Flutter/ephemeral/.app_filename && \"$FLUTTER_ROOT\"/packages/flutter_tools/bin/macos_assemble.sh embed\n";
			outputFileListPaths = (
			);
			inputFileListPaths = (
			);
			files = (
			);
		};
		C0DE1000000000000000002C = {
			isa = XCConfigurationList;
			buildConfigurations = (
				C0DE1000000000000000002D,
				C0DE1000000000000000002E,
			);
			defaultConfigurationName = Release;
		};
		C0DE10000000000000000017 = {
			isa = PBXBuildFile;
			fileRef = C0DE10000000000000000004;
		};
		338D0CE9231458BD00FA5F75 = {
			baseConfigurationReference = 7AFA3C8E1D35360C0083082E;
			isa = XCBuildConfiguration;
			buildSettings = {
				CLANG_WARN_SUSPICIOUS_MOVE = YES;
				DEBUG_INFORMATION_FORMAT = "dwarf-with-dsym";
				MACOSX_DEPLOYMENT_TARGET = 14.0;
				CLANG_ENABLE_OBJC_ARC = YES;
				CLANG_WARN_DIRECT_OBJC_ISA_USAGE = YES_ERROR;
				SWIFT_COMPILATION_MODE = wholemodule;
				CLANG_WARN_DOCUMENTATION_COMMENTS = YES;
				CLANG_WARN_INFINITE_RECURSION = YES;
				DEAD_CODE_STRIPPING = YES;
				CLANG_ANALYZER_NUMBER_OBJECT_CONVERSION = YES_AGGRESSIVE;
				SDKROOT = macosx;
				CLANG_CXX_LANGUAGE_STANDARD = "gnu++14";
				CODE_SIGN_IDENTITY = "-";
				CLANG_WARN_BOOL_CONVERSION = YES;
				ENABLE_STRICT_OBJC_MSGSEND = YES;
				CLANG_ANALYZER_NONNULL = YES;
				CLANG_WARN_BLOCK_CAPTURE_AUTORELEASING = YES;
				CLANG_WARN_ENUM_CONVERSION = YES;
				GCC_WARN_64_TO_32_BIT_CONVERSION = YES;
				GCC_WARN_UNINITIALIZED_AUTOS = YES_AGGRESSIVE;
				ASSETCATALOG_COMPILER_GENERATE_SWIFT_ASSET_SYMBOL_EXTENSIONS = YES;
				GCC_WARN_ABOUT_RETURN_TYPE = YES_ERROR;
				CLANG_WARN_EMPTY_BODY = YES;
				GCC_WARN_UNUSED_VARIABLE = YES;
				GCC_C_LANGUAGE_STANDARD = gnu11;
				CLANG_WARN_RANGE_LOOP_ANALYSIS = YES;
				CLANG_ENABLE_MODULES = YES;
				GCC_NO_COMMON_BLOCKS = YES;
				ENABLE_USER_SCRIPT_SANDBOXING = NO;
				CLANG_WARN_INT_CONVERSION = YES;
				ALWAYS_SEARCH_USER_PATHS = NO;
				CLANG_WARN_OBJC_ROOT_CLASS = YES_ERROR;
				CLANG_WARN_CONSTANT_CONVERSION = YES;
				COPY_PHASE_STRIP = NO;
				CLANG_WARN_DEPRECATED_OBJC_IMPLEMENTATIONS = YES;
				MTL_ENABLE_DEBUG_INFO = NO;
				SWIFT_OPTIMIZATION_LEVEL = "-O";
				CLANG_WARN_NON_LITERAL_NULL_CONVERSION = YES;
				GCC_WARN_UNUSED_FUNCTION = YES;
				ENABLE_NS_ASSERTIONS = NO;
				CLANG_WARN_OBJC_LITERAL_CONVERSION = YES;
				CLANG_CXX_LIBRARY = "libc++";
			};
			name = Profile;
		};
		331C80D8294CF71000263BE5 = {
			isa = PBXBuildFile;
			fileRef = 331C80D7294CF71000263BE5;
		};
		331C80D9294CF71000263BE5 = {
			isa = PBXContainerItemProxy;
			containerPortal = 33CC10E52044A3C60003C045;
			remoteGlobalIDString = 33CC10EC2044A3C60003C045;
			remoteInfo = Runner;
			proxyType = 1;
		};
		338D0CEA231458BD00FA5F75 = {
			baseConfigurationReference = 33E5194F232828860026EE4D;
			isa = XCBuildConfiguration;
			buildSettings = {
				LD_RUNPATH_SEARCH_PATHS = (
					"$(inherited)",
					"@executable_path/../Frameworks",
				);
				DEVELOPMENT_TEAM = U33AJLM6CM;
				CLANG_ENABLE_MODULES = YES;
				INFOPLIST_FILE = Runner/Info.plist;
				CODE_SIGN_IDENTITY = "Apple Development";
				MACOSX_DEPLOYMENT_TARGET = 14.0;
				PROVISIONING_PROFILE_SPECIFIER = "";
				ENABLE_APP_SANDBOX = NO;
				SWIFT_DEFAULT_ACTOR_ISOLATION = MainActor;
				ARCHS = arm64;
				CODE_SIGN_ENTITLEMENTS = Runner/DebugProfile.entitlements;
				CODE_SIGN_STYLE = Automatic;
				ASSETCATALOG_COMPILER_APPICON_NAME = AppIcon;
				SWIFT_VERSION = 5.0;
				ENABLE_HARDENED_RUNTIME = YES;
				COMBINE_HIDPI_IMAGES = YES;
			};
			name = Profile;
		};
		33E5194F232828860026EE4D = {
			path = AppInfo.xcconfig;
			isa = PBXFileReference;
			lastKnownFileType = text.xcconfig;
			sourceTree = "<group>";
		};
		C0DE10000000000000000001 = {
			path = Shared/ProxyHelperProtocol.swift;
			isa = PBXFileReference;
			lastKnownFileType = sourcecode.swift;
			sourceTree = SOURCE_ROOT;
		};
		33CC11202044C79F0003C045 = {
			isa = PBXTargetDependency;
			target = 33CC111A2044C6BA0003C045;
			targetProxy = 33CC111F2044C79F0003C045;
		};
		F10A7E000000000000000013 = {
			path = Native/Services/ProxyHelperCommand.swift;
			isa = PBXFileReference;
			lastKnownFileType = sourcecode.swift;
			sourceTree = SOURCE_ROOT;
		};
		F10A7E000000000000000017 = {
			path = Native/Services/SystemProxyController.swift;
			isa = PBXFileReference;
			lastKnownFileType = sourcecode.swift;
			sourceTree = SOURCE_ROOT;
		};
		F10A7E000000000000000019 = {
			path = Native/Services/TerminalProxyManager.swift;
			isa = PBXFileReference;
			lastKnownFileType = sourcecode.swift;
			sourceTree = SOURCE_ROOT;
		};
		F10A7E00000000000000001A = {
			isa = PBXBuildFile;
			fileRef = F10A7E000000000000000019;
		};
		F10A7E00000000000000001C = {
			isa = PBXBuildFile;
			fileRef = F10A7E00000000000000001B;
		};
		F10A7E00000000000000001E = {
			isa = PBXBuildFile;
			fileRef = F10A7E00000000000000001D;
		};
		F10A7E000000000000000021 = {
			path = Runner/ShadowbatBridge.swift;
			isa = PBXFileReference;
			lastKnownFileType = sourcecode.swift;
			sourceTree = SOURCE_ROOT;
		};
		F10A7E000000000000000023 = {
			path = "Native/Resources/terminal-proxy.zsh";
			isa = PBXFileReference;
			lastKnownFileType = text.script.sh;
			sourceTree = SOURCE_ROOT;
		};
		335BBD1B22A9A15E00E9071D = {
			isa = PBXBuildFile;
			fileRef = 335BBD1A22A9A15E00E9071D;
		};
		33CEB47422A05771004F2AC0 = {
			path = "Flutter-Release.xcconfig";
			isa = PBXFileReference;
			lastKnownFileType = text.xcconfig;
			sourceTree = "<group>";
		};
		33CC111D2044C6BA0003C045 = {
			isa = XCBuildConfiguration;
			buildSettings = {
				CODE_SIGN_STYLE = Automatic;
				PRODUCT_NAME = "$(TARGET_NAME)";
				MACOSX_DEPLOYMENT_TARGET = 14.0;
			};
			name = Release;
		};
		333000ED22D3DE5D00554162 = {
			path = Warnings.xcconfig;
			isa = PBXFileReference;
			lastKnownFileType = text.xcconfig;
			sourceTree = "<group>";
		};
		331C80D3294CF70F00263BE5 = {
			isa = PBXResourcesBuildPhase;
			buildActionMask = 2147483647;
			files = (
			);
			runOnlyForDeploymentPostprocessing = 0;
		};
		331C80D4294CF70F00263BE5 = {
			productType = "com.apple.product-type.bundle.unit-test";
			productReference = 331C80D5294CF71000263BE5;
			buildConfigurationList = 331C80DE294CF71000263BE5;
			productName = RunnerTests;
			isa = PBXNativeTarget;
			buildPhases = (
				331C80D1294CF70F00263BE5,
				331C80D2294CF70F00263BE5,
				331C80D3294CF70F00263BE5,
			);
			dependencies = (
				331C80DA294CF71000263BE5,
			);
			name = RunnerTests;
			buildRules = (
			);
		};
		33CC10E82044A3C60003C045 = {
			isa = XCConfigurationList;
			defaultConfigurationIsVisible = 0;
			defaultConfigurationName = Release;
			buildConfigurations = (
				33CC10F92044A3C60003C045,
				33CC10FA2044A3C60003C045,
				338D0CE9231458BD00FA5F75,
			);
		};
		C0DE00010000000000000001 = {
			isa = PBXBuildFile;
			fileRef = C0DE00020000000000000001;
			settings = {
				ATTRIBUTES = (
					CodeSignOnCopy,
				);
			};
		};
		33CC10F52044A3C60003C045 = {
			path = Base.lproj/MainMenu.xib;
			isa = PBXFileReference;
			name = Base;
			lastKnownFileType = file.xib;
			sourceTree = "<group>";
		};
		33CC10F62044A3C60003C045 = {
			isa = PBXBuildFile;
			fileRef = 33CC10F42044A3C60003C045;
		};
		331C80D6294CF71000263BE5 = {
			path = RunnerTests;
			isa = PBXGroup;
			children = (
				331C80D7294CF71000263BE5,
			);
			sourceTree = "<group>";
		};
		331C80D7294CF71000263BE5 = {
			path = RunnerTests.swift;
			isa = PBXFileReference;
			lastKnownFileType = sourcecode.swift;
			sourceTree = "<group>";
		};
		33CC10EE2044A3C60003C045 = {
			isa = PBXGroup;
			name = Products;
			children = (
				33CC10ED2044A3C60003C045,
				331C80D5294CF71000263BE5,
			);
			sourceTree = "<group>";
		};
		33CC10FC2044A3C60003C045 = {
			baseConfigurationReference = 33E5194F232828860026EE4D;
			isa = XCBuildConfiguration;
			buildSettings = {
				LD_RUNPATH_SEARCH_PATHS = (
					"$(inherited)",
					"@executable_path/../Frameworks",
				);
				DEVELOPMENT_TEAM = U33AJLM6CM;
				CLANG_ENABLE_MODULES = YES;
				INFOPLIST_FILE = Runner/Info.plist;
				CODE_SIGN_IDENTITY = "Apple Development";
				MACOSX_DEPLOYMENT_TARGET = 14.0;
				PROVISIONING_PROFILE_SPECIFIER = "";
				ENABLE_APP_SANDBOX = NO;
				SWIFT_OPTIMIZATION_LEVEL = "-Onone";
				SWIFT_DEFAULT_ACTOR_ISOLATION = MainActor;
				ARCHS = arm64;
				CODE_SIGN_ENTITLEMENTS = Runner/DebugProfile.entitlements;
				CODE_SIGN_STYLE = Automatic;
				ASSETCATALOG_COMPILER_APPICON_NAME = AppIcon;
				SWIFT_VERSION = 5.0;
				ENABLE_HARDENED_RUNTIME = YES;
				COMBINE_HIDPI_IMAGES = YES;
			};
			name = Debug;
		};
		33CC10FD2044A3C60003C045 = {
			baseConfigurationReference = 33E5194F232828860026EE4D;
			isa = XCBuildConfiguration;
			buildSettings = {
				LD_RUNPATH_SEARCH_PATHS = (
					"$(inherited)",
					"@executable_path/../Frameworks",
				);
				DEVELOPMENT_TEAM = U33AJLM6CM;
				CLANG_ENABLE_MODULES = YES;
				INFOPLIST_FILE = Runner/Info.plist;
				CODE_SIGN_IDENTITY = "Apple Development";
				MACOSX_DEPLOYMENT_TARGET = 14.0;
				PROVISIONING_PROFILE_SPECIFIER = "";
				ENABLE_APP_SANDBOX = NO;
				SWIFT_DEFAULT_ACTOR_ISOLATION = MainActor;
				ARCHS = arm64;
				CODE_SIGN_ENTITLEMENTS = Runner/Release.entitlements;
				CODE_SIGN_STYLE = Automatic;
				ASSETCATALOG_COMPILER_APPICON_NAME = AppIcon;
				SWIFT_VERSION = 5.0;
				ENABLE_HARDENED_RUNTIME = YES;
				COMBINE_HIDPI_IMAGES = YES;
			};
			name = Release;
		};
		33CEB47722A0578A004F2AC0 = {
			path = "ephemeral/Flutter-Generated.xcconfig";
			isa = PBXFileReference;
			name = "Flutter-Generated.xcconfig";
			lastKnownFileType = text.xcconfig;
			sourceTree = "<group>";
		};
		335BBD1A22A9A15E00E9071D = {
			path = GeneratedPluginRegistrant.swift;
			isa = PBXFileReference;
			lastKnownFileType = sourcecode.swift;
			sourceTree = "<group>";
			fileEncoding = 4;
		};
		33CEB47222A05771004F2AC0 = {
			path = "Flutter-Debug.xcconfig";
			isa = PBXFileReference;
			lastKnownFileType = text.xcconfig;
			sourceTree = "<group>";
		};
		F10A7E000000000000000002 = {
			isa = PBXTargetDependency;
			target = C0DE10000000000000000029;
			targetProxy = F10A7E000000000000000001;
		};
		D73912EC22F37F3D000D13A0 = {
			isa = PBXGroup;
			name = Frameworks;
			children = (
			);
			sourceTree = "<group>";
		};
		F10A7E000000000000000010 = {
			isa = PBXBuildFile;
			fileRef = F10A7E00000000000000000F;
		};
		F10A7E000000000000000012 = {
			isa = PBXBuildFile;
			fileRef = F10A7E000000000000000011;
		};
		F10A7E000000000000000008 = {
			isa = PBXBuildFile;
			fileRef = F10A7E000000000000000007;
		};
		F10A7E000000000000000016 = {
			isa = PBXBuildFile;
			fileRef = F10A7E000000000000000015;
		};
		F10A7E000000000000000006 = {
			isa = PBXBuildFile;
			fileRef = F10A7E000000000000000005;
		};
		33CC111B2044C6BA0003C045 = {
			isa = XCConfigurationList;
			defaultConfigurationIsVisible = 0;
			defaultConfigurationName = Release;
			buildConfigurations = (
				33CC111C2044C6BA0003C045,
				33CC111D2044C6BA0003C045,
				338D0CEB231458BD00FA5F75,
			);
		};
		F10A7E00000000000000000B = {
			path = Native/Services/ConnectionProbe.swift;
			isa = PBXFileReference;
			lastKnownFileType = sourcecode.swift;
			sourceTree = SOURCE_ROOT;
		};
		F10A7E00000000000000000D = {
			path = Native/Services/InstanceLock.swift;
			isa = PBXFileReference;
			lastKnownFileType = sourcecode.swift;
			sourceTree = SOURCE_ROOT;
		};
		C0DE10000000000000000004 = {
			path = ProxyHelper/ProxyPreferences.swift;
			isa = PBXFileReference;
			lastKnownFileType = sourcecode.swift;
			sourceTree = SOURCE_ROOT;
		};
		C0DE10000000000000000006 = {
			path = ProxyHelper/main.swift;
			isa = PBXFileReference;
			lastKnownFileType = sourcecode.swift;
			sourceTree = SOURCE_ROOT;
		};
		331C80D1294CF70F00263BE5 = {
			isa = PBXSourcesBuildPhase;
			buildActionMask = 2147483647;
			files = (
				331C80D8294CF71000263BE5,
			);
			runOnlyForDeploymentPostprocessing = 0;
		};
		C0DE10000000000000000014 = {
			isa = PBXBuildFile;
			fileRef = C0DE10000000000000000001;
		};
		33E51914231749380026EE4D = {
			path = Release.entitlements;
			isa = PBXFileReference;
			lastKnownFileType = text.plist.entitlements;
			sourceTree = "<group>";
			fileEncoding = 4;
		};
		331C80D2294CF70F00263BE5 = {
			isa = PBXFrameworksBuildPhase;
			buildActionMask = 2147483647;
			files = (
			);
			runOnlyForDeploymentPostprocessing = 0;
		};
		9740EEB21CF90195004384FC = {
			path = Debug.xcconfig;
			isa = PBXFileReference;
			lastKnownFileType = text.xcconfig;
			sourceTree = "<group>";
			fileEncoding = 4;
		};
		33CC10E52044A3C60003C045 = {
			buildConfigurationList = 33CC10E82044A3C60003C045;
			packageReferences = (
				781AD8BC2B33823900A9FFBB,
			);
			targets = (
				33CC10EC2044A3C60003C045,
				331C80D4294CF70F00263BE5,
				33CC111A2044C6BA0003C045,
				C0DE10000000000000000029,
			);
			developmentRegion = en;
			knownRegions = (
				en,
				Base,
			);
			isa = PBXProject;
			compatibilityVersion = "Xcode 9.3";
			productRefGroup = 33CC10EE2044A3C60003C045;
			projectDirPath = "";
			attributes = {
				LastSwiftUpdateCheck = 0920;
				BuildIndependentTargetsInParallel = YES;
				LastUpgradeCheck = 1510;
				ORGANIZATIONNAME = "";
				TargetAttributes = {
					331C80D4294CF70F00263BE5 = {
						TestTargetID = 33CC10EC2044A3C60003C045;
						CreatedOnToolsVersion = 14.0;
					};
					33CC10EC2044A3C60003C045 = {
						SystemCapabilities = {
							com.apple.Sandbox = {
								enabled = 1;
							};
						};
						ProvisioningStyle = Automatic;
						LastSwiftMigration = 1100;
						CreatedOnToolsVersion = 9.2;
					};
					33CC111A2044C6BA0003C045 = {
						ProvisioningStyle = Manual;
						CreatedOnToolsVersion = 9.2;
					};
				};
			};
			hasScannedForEncodings = 0;
			projectRoot = "";
			mainGroup = 33CC10E42044A3C60003C045;
		};
		C0DE10000000000000000032 = {
			isa = PBXBuildFile;
			fileRef = C0DE10000000000000000031;
		};
		C0DE10000000000000000028 = {
			path = "shadowbat-proxy-helper";
			isa = PBXFileReference;
			explicitFileType = "compiled.mach-o.executable";
			sourceTree = BUILT_PRODUCTS_DIR;
		};
		33CC111C2044C6BA0003C045 = {
			isa = XCBuildConfiguration;
			buildSettings = {
				CODE_SIGN_STYLE = Manual;
				PRODUCT_NAME = "$(TARGET_NAME)";
				MACOSX_DEPLOYMENT_TARGET = 14.0;
			};
			name = Debug;
		};
		33CC10F32044A3C60003C045 = {
			isa = PBXBuildFile;
			fileRef = 33CC10F22044A3C60003C045;
		};
		33CC10F42044A3C60003C045 = {
			path = Runner;
			isa = PBXVariantGroup;
			name = MainMenu.xib;
			children = (
				33CC10F52044A3C60003C045,
			);
			sourceTree = "<group>";
		};
		78E0A7A72DC9AD7400C4905E = {
			path = ephemeral/Packages/FlutterGeneratedPluginSwiftPackage;
			isa = PBXFileReference;
			name = FlutterGeneratedPluginSwiftPackage;
			lastKnownFileType = wrapper;
			sourceTree = "<group>";
		};
		C0DE1000000000000000002D = {
			isa = XCBuildConfiguration;
			buildSettings = {
				MARKETING_VERSION = 0.1.0;
				CODE_SIGN_INJECT_BASE_ENTITLEMENTS = NO;
				DEVELOPMENT_TEAM = U33AJLM6CM;
				ENABLE_DEBUG_DYLIB = NO;
				SWIFT_DEFAULT_ACTOR_ISOLATION = nonisolated;
				SUPPORTED_PLATFORMS = macosx;
				PRODUCT_BUNDLE_IDENTIFIER = "com.lingj.shadowbat.proxy-helper";
				CURRENT_PROJECT_VERSION = 1;
				CREATE_INFOPLIST_SECTION_IN_BINARY = YES;
				MACOSX_DEPLOYMENT_TARGET = 14.0;
				CODE_SIGN_STYLE = Automatic;
				SWIFT_OPTIMIZATION_LEVEL = "-Onone";
				SDKROOT = macosx;
				SWIFT_VERSION = 5.0;
				PRODUCT_NAME = "shadowbat-proxy-helper";
				CODE_SIGN_IDENTITY = "Apple Development";
				SKIP_INSTALL = YES;
				ARCHS = arm64;
				ENABLE_APP_SANDBOX = NO;
				ENABLE_HARDENED_RUNTIME = YES;
				INFOPLIST_FILE = "HelperSupport/ProxyHelper-Info.plist";
			};
			name = Debug;
		};
		C0DE1000000000000000002F = {
			isa = PBXCopyFilesBuildPhase;
			dstPath = "";
			dstSubfolder = Executables;
			files = (
				C0DE10000000000000000030,
			);
			name = "Embed Proxy Helper";
		};
		C0DE10000000000000000018 = {
			isa = PBXBuildFile;
			fileRef = C0DE10000000000000000005;
		};
		C0DE10000000000000000002 = {
			path = Shared/ProxySettings.swift;
			isa = PBXFileReference;
			lastKnownFileType = sourcecode.swift;
			sourceTree = SOURCE_ROOT;
		};
		78A3181F2AECB46A00862997 = {
			isa = XCSwiftPackageProductDependency;
			productName = FlutterGeneratedPluginSwiftPackage;
		};
		7AFA3C8E1D35360C0083082E = {
			path = Release.xcconfig;
			isa = PBXFileReference;
			lastKnownFileType = text.xcconfig;
			sourceTree = "<group>";
		};
		33CC110E2044A8840003C045 = {
			buildActionMask = 2147483647;
			dstSubfolderSpec = 10;
			isa = PBXCopyFilesBuildPhase;
			runOnlyForDeploymentPostprocessing = 0;
			dstPath = "";
			name = "Bundle Framework";
			files = (
			);
		};
		F10A7E000000000000000014 = {
			isa = PBXBuildFile;
			fileRef = F10A7E000000000000000013;
		};
		331C80DE294CF71000263BE5 = {
			isa = XCConfigurationList;
			defaultConfigurationIsVisible = 0;
			defaultConfigurationName = Release;
			buildConfigurations = (
				331C80DB294CF71000263BE5,
				331C80DC294CF71000263BE5,
				331C80DD294CF71000263BE5,
			);
		};
		F10A7E00000000000000000F = {
			path = Native/Services/ProfileStore.swift;
			isa = PBXFileReference;
			lastKnownFileType = sourcecode.swift;
			sourceTree = SOURCE_ROOT;
		};
		C0DE10000000000000000030 = {
			isa = PBXBuildFile;
			fileRef = C0DE10000000000000000028;
			settings = {
				ATTRIBUTES = (
					CodeSignOnCopy,
				);
			};
		};
		F10A7E000000000000000004 = {
			isa = PBXBuildFile;
			fileRef = F10A7E000000000000000003;
		};
		C0DE1000000000000000002B = {
			isa = PBXFrameworksBuildPhase;
			files = (
			);
		};
		C0DE10000000000000000016 = {
			isa = PBXBuildFile;
			fileRef = C0DE10000000000000000003;
		};
		33CC10F22044A3C60003C045 = {
			path = Runner/Assets.xcassets;
			isa = PBXFileReference;
			name = Assets.xcassets;
			lastKnownFileType = folder.assetcatalog;
			sourceTree = "<group>";
		};
		331C80D5294CF71000263BE5 = {
			path = RunnerTests.xctest;
			isa = PBXFileReference;
			includeInIndex = 0;
			explicitFileType = wrapper.cfbundle;
			sourceTree = BUILT_PRODUCTS_DIR;
		};
		F10A7E000000000000000018 = {
			isa = PBXBuildFile;
			fileRef = F10A7E000000000000000017;
		};
		F10A7E00000000000000001B = {
			path = Native/Services/ProcessProxyEngine.swift;
			isa = PBXFileReference;
			lastKnownFileType = sourcecode.swift;
			sourceTree = SOURCE_ROOT;
		};
		F10A7E00000000000000001D = {
			path = Shared/ProxySettings.swift;
			isa = PBXFileReference;
			lastKnownFileType = sourcecode.swift;
			sourceTree = SOURCE_ROOT;
		};
		F10A7E00000000000000001F = {
			path = Shared/ProxyHelperProtocol.swift;
			isa = PBXFileReference;
			lastKnownFileType = sourcecode.swift;
			sourceTree = SOURCE_ROOT;
		};
		F10A7E000000000000000020 = {
			isa = PBXBuildFile;
			fileRef = F10A7E00000000000000001F;
		};
		F10A7E000000000000000022 = {
			isa = PBXBuildFile;
			fileRef = F10A7E000000000000000021;
		};
		F10A7E000000000000000024 = {
			isa = PBXBuildFile;
			fileRef = F10A7E000000000000000023;
		};
		33CC10EC2044A3C60003C045 = {
			productType = "com.apple.product-type.application";
			productReference = 33CC10ED2044A3C60003C045;
			buildConfigurationList = 33CC10FB2044A3C60003C045;
			packageProductDependencies = (
				78A3181F2AECB46A00862997,
			);
			productName = Runner;
			isa = PBXNativeTarget;
			buildPhases = (
				33CC10E92044A3C60003C045,
				33CC10EA2044A3C60003C045,
				33CC10EB2044A3C60003C045,
				33CC110E2044A8840003C045,
				3399D490228B24CF009A79C7,
				C0DE00030000000000000001,
				C0DE10000000000000000033,
				C0DE1000000000000000002F,
			);
			dependencies = (
				33CC11202044C79F0003C045,
				F10A7E000000000000000002,
			);
			name = Runner;
			buildRules = (
			);
		};
		33CC10ED2044A3C60003C045 = {
			path = shadowbat.app;
			isa = PBXFileReference;
			includeInIndex = 0;
			explicitFileType = wrapper.application;
			sourceTree = BUILT_PRODUCTS_DIR;
		};
		33CC111F2044C79F0003C045 = {
			isa = PBXContainerItemProxy;
			containerPortal = 33CC10E52044A3C60003C045;
			remoteGlobalIDString = 33CC111A2044C6BA0003C045;
			remoteInfo = FLX;
			proxyType = 1;
		};
		33CC10FA2044A3C60003C045 = {
			baseConfigurationReference = 7AFA3C8E1D35360C0083082E;
			isa = XCBuildConfiguration;
			buildSettings = {
				CLANG_WARN_SUSPICIOUS_MOVE = YES;
				DEBUG_INFORMATION_FORMAT = "dwarf-with-dsym";
				MACOSX_DEPLOYMENT_TARGET = 14.0;
				CLANG_ENABLE_OBJC_ARC = YES;
				CLANG_WARN_DIRECT_OBJC_ISA_USAGE = YES_ERROR;
				SWIFT_COMPILATION_MODE = wholemodule;
				CLANG_WARN_DOCUMENTATION_COMMENTS = YES;
				CLANG_WARN_INFINITE_RECURSION = YES;
				DEAD_CODE_STRIPPING = YES;
				CLANG_ANALYZER_NUMBER_OBJECT_CONVERSION = YES_AGGRESSIVE;
				SDKROOT = macosx;
				CLANG_CXX_LANGUAGE_STANDARD = "gnu++14";
				CODE_SIGN_IDENTITY = "-";
				CLANG_WARN_BOOL_CONVERSION = YES;
				ENABLE_STRICT_OBJC_MSGSEND = YES;
				CLANG_ANALYZER_NONNULL = YES;
				CLANG_WARN_BLOCK_CAPTURE_AUTORELEASING = YES;
				CLANG_WARN_ENUM_CONVERSION = YES;
				GCC_WARN_64_TO_32_BIT_CONVERSION = YES;
				GCC_WARN_UNINITIALIZED_AUTOS = YES_AGGRESSIVE;
				ASSETCATALOG_COMPILER_GENERATE_SWIFT_ASSET_SYMBOL_EXTENSIONS = YES;
				GCC_WARN_ABOUT_RETURN_TYPE = YES_ERROR;
				CLANG_WARN_EMPTY_BODY = YES;
				GCC_WARN_UNUSED_VARIABLE = YES;
				GCC_C_LANGUAGE_STANDARD = gnu11;
				CLANG_WARN_RANGE_LOOP_ANALYSIS = YES;
				CLANG_ENABLE_MODULES = YES;
				GCC_NO_COMMON_BLOCKS = YES;
				ENABLE_USER_SCRIPT_SANDBOXING = NO;
				CLANG_WARN_INT_CONVERSION = YES;
				ALWAYS_SEARCH_USER_PATHS = NO;
				CLANG_WARN_OBJC_ROOT_CLASS = YES_ERROR;
				CLANG_WARN_CONSTANT_CONVERSION = YES;
				COPY_PHASE_STRIP = NO;
				CLANG_WARN_DEPRECATED_OBJC_IMPLEMENTATIONS = YES;
				MTL_ENABLE_DEBUG_INFO = NO;
				SWIFT_OPTIMIZATION_LEVEL = "-O";
				CLANG_WARN_NON_LITERAL_NULL_CONVERSION = YES;
				GCC_WARN_UNUSED_FUNCTION = YES;
				ENABLE_NS_ASSERTIONS = NO;
				CLANG_WARN_OBJC_LITERAL_CONVERSION = YES;
				CLANG_CXX_LIBRARY = "libc++";
			};
			name = Release;
		};
		33CC10FB2044A3C60003C045 = {
			isa = XCConfigurationList;
			defaultConfigurationIsVisible = 0;
			defaultConfigurationName = Release;
			buildConfigurations = (
				33CC10FC2044A3C60003C045,
				33CC10FD2044A3C60003C045,
				338D0CEA231458BD00FA5F75,
			);
		};
		33CC111E2044C6BF0003C045 = {
			inputPaths = (
				Flutter/ephemeral/tripwire,
			);
			buildActionMask = 2147483647;
			shellPath = /bin/sh;
			isa = PBXShellScriptBuildPhase;
			outputPaths = (
			);
			runOnlyForDeploymentPostprocessing = 0;
			shellScript = "\"$FLUTTER_ROOT\"/packages/flutter_tools/bin/macos_assemble.sh && touch Flutter/ephemeral/tripwire";
			outputFileListPaths = (
				Flutter/ephemeral/FlutterOutputs.xcfilelist,
			);
			files = (
			);
			inputFileListPaths = (
				Flutter/ephemeral/FlutterInputs.xcfilelist,
			);
		};
		33CEB47122A05771004F2AC0 = {
			path = Flutter;
			isa = PBXGroup;
			children = (
				78E0A7A72DC9AD7400C4905E,
				335BBD1A22A9A15E00E9071D,
				33CEB47222A05771004F2AC0,
				33CEB47422A05771004F2AC0,
				33CEB47722A0578A004F2AC0,
			);
			sourceTree = "<group>";
		};
		338D0CEB231458BD00FA5F75 = {
			isa = XCBuildConfiguration;
			buildSettings = {
				CODE_SIGN_STYLE = Manual;
				PRODUCT_NAME = "$(TARGET_NAME)";
				MACOSX_DEPLOYMENT_TARGET = 14.0;
			};
			name = Profile;
		};
		33CC111A2044C6BA0003C045 = {
			productName = FLX;
			isa = PBXAggregateTarget;
			buildConfigurationList = 33CC111B2044C6BA0003C045;
			buildPhases = (
				33CC111E2044C6BF0003C045,
			);
			dependencies = (
			);
			name = "Flutter Assemble";
		};
		33CC10F92044A3C60003C045 = {
			baseConfigurationReference = 9740EEB21CF90195004384FC;
			isa = XCBuildConfiguration;
			buildSettings = {
				CLANG_WARN_SUSPICIOUS_MOVE = YES;
				CLANG_WARN_DOCUMENTATION_COMMENTS = YES;
				MACOSX_DEPLOYMENT_TARGET = 14.0;
				CLANG_ENABLE_OBJC_ARC = YES;
				CLANG_WARN_DIRECT_OBJC_ISA_USAGE = YES_ERROR;
				CLANG_WARN_INFINITE_RECURSION = YES;
				DEAD_CODE_STRIPPING = YES;
				CLANG_ANALYZER_NUMBER_OBJECT_CONVERSION = YES_AGGRESSIVE;
				SDKROOT = macosx;
				CLANG_CXX_LANGUAGE_STANDARD = "gnu++14";
				ENABLE_TESTABILITY = YES;
				CLANG_WARN_BOOL_CONVERSION = YES;
				CODE_SIGN_IDENTITY = "-";
				ENABLE_STRICT_OBJC_MSGSEND = YES;
				CLANG_ANALYZER_NONNULL = YES;
				CLANG_WARN_BLOCK_CAPTURE_AUTORELEASING = YES;
				GCC_PREPROCESSOR_DEFINITIONS = (
					"DEBUG=1",
					"$(inherited)",
				);
				CLANG_WARN_ENUM_CONVERSION = YES;
				GCC_WARN_64_TO_32_BIT_CONVERSION = YES;
				GCC_WARN_UNINITIALIZED_AUTOS = YES_AGGRESSIVE;
				ASSETCATALOG_COMPILER_GENERATE_SWIFT_ASSET_SYMBOL_EXTENSIONS = YES;
				GCC_WARN_ABOUT_RETURN_TYPE = YES_ERROR;
				CLANG_WARN_EMPTY_BODY = YES;
				GCC_DYNAMIC_NO_PIC = NO;
				GCC_C_LANGUAGE_STANDARD = gnu11;
				GCC_WARN_UNUSED_VARIABLE = YES;
				CLANG_WARN_RANGE_LOOP_ANALYSIS = YES;
				CLANG_ENABLE_MODULES = YES;
				GCC_NO_COMMON_BLOCKS = YES;
				ENABLE_USER_SCRIPT_SANDBOXING = NO;
				CLANG_WARN_INT_CONVERSION = YES;
				ALWAYS_SEARCH_USER_PATHS = NO;
				CLANG_WARN_OBJC_ROOT_CLASS = YES_ERROR;
				CLANG_WARN_CONSTANT_CONVERSION = YES;
				COPY_PHASE_STRIP = NO;
				CLANG_WARN_DEPRECATED_OBJC_IMPLEMENTATIONS = YES;
				GCC_OPTIMIZATION_LEVEL = 0;
				MTL_ENABLE_DEBUG_INFO = YES;
				ONLY_ACTIVE_ARCH = YES;
				SWIFT_OPTIMIZATION_LEVEL = "-Onone";
				CLANG_WARN_NON_LITERAL_NULL_CONVERSION = YES;
				GCC_WARN_UNUSED_FUNCTION = YES;
				SWIFT_ACTIVE_COMPILATION_CONDITIONS = DEBUG;
				CLANG_WARN_OBJC_LITERAL_CONVERSION = YES;
				DEBUG_INFORMATION_FORMAT = dwarf;
				CLANG_CXX_LIBRARY = "libc++";
			};
			name = Debug;
		};
		331C80DC294CF71000263BE5 = {
			isa = XCBuildConfiguration;
			buildSettings = {
				GENERATE_INFOPLIST_FILE = YES;
				MARKETING_VERSION = 1.0;
				TEST_HOST = "$(BUILT_PRODUCTS_DIR)/shadowbat.app/$(BUNDLE_EXECUTABLE_FOLDER_PATH)/shadowbat";
				PRODUCT_BUNDLE_IDENTIFIER = com.example.shadowbat.RunnerTests;
				SWIFT_VERSION = 5.0;
				MACOSX_DEPLOYMENT_TARGET = 14.0;
				BUNDLE_LOADER = "$(TEST_HOST)";
				CURRENT_PROJECT_VERSION = 1;
				PRODUCT_NAME = "$(TARGET_NAME)";
			};
			name = Release;
		};
		331C80DD294CF71000263BE5 = {
			isa = XCBuildConfiguration;
			buildSettings = {
				GENERATE_INFOPLIST_FILE = YES;
				MARKETING_VERSION = 1.0;
				TEST_HOST = "$(BUILT_PRODUCTS_DIR)/shadowbat.app/$(BUNDLE_EXECUTABLE_FOLDER_PATH)/shadowbat";
				PRODUCT_BUNDLE_IDENTIFIER = com.example.shadowbat.RunnerTests;
				SWIFT_VERSION = 5.0;
				MACOSX_DEPLOYMENT_TARGET = 14.0;
				BUNDLE_LOADER = "$(TEST_HOST)";
				CURRENT_PROJECT_VERSION = 1;
				PRODUCT_NAME = "$(TARGET_NAME)";
			};
			name = Profile;
		};
		33CC10E42044A3C60003C045 = {
			isa = PBXGroup;
			sourceTree = "<group>";
			children = (
				33FAB671232836740065AC1E,
				33CEB47122A05771004F2AC0,
				331C80D6294CF71000263BE5,
				33CC10EE2044A3C60003C045,
				D73912EC22F37F3D000D13A0,
				F10A7E000000000000000003,
				F10A7E000000000000000005,
				F10A7E000000000000000007,
				F10A7E000000000000000009,
				F10A7E00000000000000000B,
				F10A7E00000000000000000D,
				F10A7E00000000000000000F,
				F10A7E000000000000000011,
				F10A7E000000000000000013,
				F10A7E000000000000000015,
				F10A7E000000000000000017,
				F10A7E000000000000000019,
				F10A7E00000000000000001B,
				F10A7E00000000000000001D,
				F10A7E00000000000000001F,
				F10A7E000000000000000021,
				F10A7E000000000000000023,
				C0DE00020000000000000001,
				F10A7E000000000000000100,
				F10A7E000000000000000102,
				C0DE10000000000000000005,
				C0DE10000000000000000003,
				C0DE10000000000000000031,
				C0DE10000000000000000004,
				C0DE10000000000000000006,
			);
		};
		33CC10F02044A3C60003C045 = {
			path = AppDelegate.swift;
			isa = PBXFileReference;
			lastKnownFileType = sourcecode.swift;
			sourceTree = "<group>";
		};
		33CC10F12044A3C60003C045 = {
			isa = PBXBuildFile;
			fileRef = 33CC10F02044A3C60003C045;
		};
		33CC11132044BFA00003C045 = {
			isa = PBXBuildFile;
			fileRef = 33CC11122044BFA00003C045;
		};
		33CC11122044BFA00003C045 = {
			path = MainFlutterWindow.swift;
			isa = PBXFileReference;
			lastKnownFileType = sourcecode.swift;
			sourceTree = "<group>";
		};
		33E51913231747F40026EE4D = {
			path = DebugProfile.entitlements;
			isa = PBXFileReference;
			lastKnownFileType = text.plist.entitlements;
			sourceTree = "<group>";
		};
		33CC11242044D66E0003C045 = {
			path = ..;
			isa = PBXGroup;
			name = Resources;
			children = (
				33CC10F22044A3C60003C045,
				33CC10F42044A3C60003C045,
				33CC10F72044A3C60003C045,
			);
			sourceTree = "<group>";
		};
		781AD8BC2B33823900A9FFBB = {
			isa = XCLocalSwiftPackageReference;
			relativePath = Flutter/ephemeral/Packages/FlutterGeneratedPluginSwiftPackage;
		};
		F10A7E000000000000000100 = {
			isa = PBXFileReference;
			lastKnownFileType = text;
			path = "Tools/shadowsocks-rust-LICENSE.txt";
			sourceTree = SOURCE_ROOT;
		};
		F10A7E000000000000000101 = {
			isa = PBXBuildFile;
			fileRef = F10A7E000000000000000100;
		};
		F10A7E000000000000000102 = {
			isa = PBXFileReference;
			lastKnownFileType = text;
			path = "Tools/core-version.txt";
			sourceTree = SOURCE_ROOT;
		};
		F10A7E000000000000000103 = {
			isa = PBXBuildFile;
			fileRef = F10A7E000000000000000102;
		};
	};
	rootObject = 33CC10E52044A3C60003C045;
}
